
Microsoft Visual Studio Solution File, Format Version 12.00
# Visual Studio 15
VisualStudioVersion = 15.0.28307.168
MinimumVisualStudioVersion = 10.0.40219.1
Project("{FAE04EC0-301F-11D3-BF4B-00C04F79EFBC}") = "FinanceMVC", "FinanceMVC\FinanceMVC.csproj", "{088BB977-98FF-4883-9688-61705B5BA02E}"
EndProject
Global
	GlobalSection(SolutionConfigurationPlatforms) = preSolution
		Debug|Any CPU = Debug|Any CPU
		Release|Any CPU = Release|Any CPU
	EndGlobalSection
	GlobalSection(ProjectConfigurationPlatforms) = postSolution
		{088BB977-98FF-4883-9688-61705B5BA02E}.Debug|Any CPU.ActiveCfg = Debug|Any CPU
		{088BB977-98FF-4883-9688-61705B5BA02E}.Debug|Any CPU.Build.0 = Debug|Any CPU
		{088BB977-98FF-4883-9688-61705B5BA02E}.Release|Any CPU.ActiveCfg = Release|Any CPU
		{088BB977-98FF-4883-9688-61705B5BA02E}.Release|Any CPU.Build.0 = Release|Any CPU
	EndGlobalSection
	GlobalSection(SolutionProperties) = preSolution
		HideSolutionNode = FALSE
	EndGlobalSection
	GlobalSection(ExtensibilityGlobals) = postSolution
		SolutionGuid = {099A1730-5914-49CE-A2CB-E55AB1DEEDC4}
	EndGlobalSection
EndGlobal
