
Microsoft Visual Studio Solution File, Format Version 12.00
# Visual Studio 15
VisualStudioVersion = 15.0.28307.645
MinimumVisualStudioVersion = 10.0.40219.1
Project("{FAE04EC0-301F-11D3-BF4B-00C04F79EFBC}") = "CotizacionesPersonalesApi", "CotizacionesPersonalesApi\CotizacionesPersonalesApi.csproj", "{C2A47003-0992-41A1-8E98-77B76B47600B}"
EndProject
Global
	GlobalSection(SolutionConfigurationPlatforms) = preSolution
		Debug|Any CPU = Debug|Any CPU
		Release|Any CPU = Release|Any CPU
	EndGlobalSection
	GlobalSection(ProjectConfigurationPlatforms) = postSolution
		{C2A47003-0992-41A1-8E98-77B76B47600B}.Debug|Any CPU.ActiveCfg = Debug|Any CPU
		{C2A47003-0992-41A1-8E98-77B76B47600B}.Debug|Any CPU.Build.0 = Debug|Any CPU
		{C2A47003-0992-41A1-8E98-77B76B47600B}.Release|Any CPU.ActiveCfg = Release|Any CPU
		{C2A47003-0992-41A1-8E98-77B76B47600B}.Release|Any CPU.Build.0 = Release|Any CPU
	EndGlobalSection
	GlobalSection(SolutionProperties) = preSolution
		HideSolutionNode = FALSE
	EndGlobalSection
	GlobalSection(ExtensibilityGlobals) = postSolution
		SolutionGuid = {97047878-3D11-4D9D-8067-08CD2C0289D7}
	EndGlobalSection
EndGlobal
